
Microsoft Visual Studio Solution File, Format Version 12.00
# Visual Studio Version 17
VisualStudioVersion = 17.9.34607.119
MinimumVisualStudioVersion = 10.0.40219.1
Project("{FAE04EC0-301F-11D3-BF4B-00C04F79EFBC}") = "APIPRUEBAS", "APIPRUEBA\APIPRUEBAS.csproj", "{6745FC1F-96DB-413D-9F89-A87414DE707F}"
EndProject
Global
	GlobalSection(SolutionConfigurationPlatforms) = preSolution
		Debug|Any CPU = Debug|Any CPU
		Release|Any CPU = Release|Any CPU
	EndGlobalSection
	GlobalSection(ProjectConfigurationPlatforms) = postSolution
		{6745FC1F-96DB-413D-9F89-A87414DE707F}.Debug|Any CPU.ActiveCfg = Debug|Any CPU
		{6745FC1F-96DB-413D-9F89-A87414DE707F}.Debug|Any CPU.Build.0 = Debug|Any CPU
		{6745FC1F-96DB-413D-9F89-A87414DE707F}.Release|Any CPU.ActiveCfg = Release|Any CPU
		{6745FC1F-96DB-413D-9F89-A87414DE707F}.Release|Any CPU.Build.0 = Release|Any CPU
	EndGlobalSection
	GlobalSection(SolutionProperties) = preSolution
		HideSolutionNode = FALSE
	EndGlobalSection
	GlobalSection(ExtensibilityGlobals) = postSolution
		SolutionGuid = {3DC2EEF3-675F-41FD-89DB-693C1C89679B}
	EndGlobalSection
EndGlobal
